<?xml version="1.0" encoding="utf-8"?>
<Project ToolsVersion="4.0" xmlns="http://schemas.microsoft.com/developer/msbuild/2003">
  <ItemGroup>
    <Filter Include="Source Files">
      <UniqueIdentifier>{4FC737F1-C7A5-4376-A066-2A32D752A2FF}</UniqueIdentifier>
      <Extensions>cpp;c;cc;cxx;def;odl;idl;hpj;bat;asm;asmx</Extensions>
    </Filter>
    <Filter Include="Header Files">
      <UniqueIdentifier>{93995380-89BD-4b04-88EB-625FBE52EBFB}</UniqueIdentifier>
      <Extensions>h;hh;hpp;hxx;hm;inl;inc;ipp;xsd</Extensions>
    </Filter>
    <Filter Include="Resource Files">
      <UniqueIdentifier>{67DA6AB6-F800-4c08-8B7A-83BB121AAD01}</UniqueIdentifier>
      <Extensions>rc;ico;cur;bmp;dlg;rc2;rct;bin;rgs;gif;jpg;jpeg;jpe;resx;tiff;tif;png;wav;mfcribbon-ms</Extensions>
    </Filter>
    <Filter Include="Header Files\Audio">
      <UniqueIdentifier>{f385861f-01f8-4f4f-92f8-a7eaf9f2464d}</UniqueIdentifier>
    </Filter>
    <Filter Include="Header Files\Events">
      <UniqueIdentifier>{fe42d50d-9af3-4374-b90d-f5f4373483dc}</UniqueIdentifier>
    </Filter>
    <Filter Include="Source Files\Game Engine">
      <UniqueIdentifier>{26d826de-45d0-40e0-a209-cd5b3591c2cc}</UniqueIdentifier>
    </Filter>
    <Filter Include="Source Files\Events">
      <UniqueIdentifier>{c429ca0e-779a-4f96-96cd-7a5b10d5d6ef}</UniqueIdentifier>
    </Filter>
    <Filter Include="Source Files\Audio">
      <UniqueIdentifier>{ba964490-ed49-4f96-af40-0b86b2f30cba}</UniqueIdentifier>
    </Filter>
    <Filter Include="Source Files\Physics">
      <UniqueIdentifier>{b4a38348-c5fc-4074-9a4f-457a32734cc1}</UniqueIdentifier>
    </Filter>
    <Filter Include="Source Files\Graphics">
      <UniqueIdentifier>{d56a2cf7-88be-4537-a99b-f3b58b2822cb}</UniqueIdentifier>
    </Filter>
    <Filter Include="Source Files\LUA">
      <UniqueIdentifier>{bf51b4b1-dd39-4c49-9f97-8d04376f74c4}</UniqueIdentifier>
    </Filter>
    <Filter Include="Source Files\Network">
      <UniqueIdentifier>{cda723f7-f1db-49cc-8570-a9b7dfebabe4}</UniqueIdentifier>
    </Filter>
    <Filter Include="Header Files\Events\FunctionPointers">
      <UniqueIdentifier>{28a90e07-5659-4aa5-ab9e-96af5212b773}</UniqueIdentifier>
    </Filter>
    <Filter Include="Header Files\Engine">
      <UniqueIdentifier>{9b863fd0-6677-4ae1-afcc-e811d9f8b5b6}</UniqueIdentifier>
    </Filter>
    <Filter Include="Header Files\Input">
      <UniqueIdentifier>{5ece6891-77c7-4e50-aa67-b7f84a2465bd}</UniqueIdentifier>
    </Filter>
    <Filter Include="Header Files\LUA">
      <UniqueIdentifier>{c47d1f3e-0af6-4663-96cd-0ec2d11b02ae}</UniqueIdentifier>
    </Filter>
    <Filter Include="Header Files\Networking">
      <UniqueIdentifier>{8bb49d56-38b2-4074-a845-b530ca3588e9}</UniqueIdentifier>
    </Filter>
    <Filter Include="Header Files\Physics">
      <UniqueIdentifier>{eb40341a-1910-4898-8ace-be4aef8044be}</UniqueIdentifier>
    </Filter>
    <Filter Include="Header Files\Renderer">
      <UniqueIdentifier>{687fa037-889c-4a55-aaa2-25c15c4eac4d}</UniqueIdentifier>
    </Filter>
    <Filter Include="Source Files\Input">
      <UniqueIdentifier>{ab4ab713-08ea-4fb1-9e3e-ac3be40c7b5b}</UniqueIdentifier>
    </Filter>
  </ItemGroup>
  <ItemGroup>
    <ClInclude Include="Headers\FunctionPointers.h">
      <Filter>Header Files\Events\FunctionPointers</Filter>
    </ClInclude>
    <ClInclude Include="Headers\AudioClip.h">
      <Filter>Header Files\Audio</Filter>
    </ClInclude>
    <ClInclude Include="Headers\AudioManager.h">
      <Filter>Header Files\Audio</Filter>
    </ClInclude>
    <ClInclude Include="Headers\Event.h">
      <Filter>Header Files\Events</Filter>
    </ClInclude>
    <ClInclude Include="Headers\EventEnum.h">
      <Filter>Header Files\Events</Filter>
    </ClInclude>
    <ClInclude Include="Headers\EventStructs.h">
      <Filter>Header Files\Events</Filter>
    </ClInclude>
    <ClInclude Include="Headers\EventSystem.h">
      <Filter>Header Files\Events</Filter>
    </ClInclude>
    <ClInclude Include="Headers\GameEngine.h">
      <Filter>Header Files\Engine</Filter>
    </ClInclude>
    <ClInclude Include="Headers\GameEngineDefinitions.h">
      <Filter>Header Files\Engine</Filter>
    </ClInclude>
    <ClInclude Include="Headers\GameObject.fwd.h">
      <Filter>Header Files\Engine</Filter>
    </ClInclude>
    <ClInclude Include="Headers\GameObject.h">
      <Filter>Header Files\Engine</Filter>
    </ClInclude>
    <ClInclude Include="Headers\KeyManager.h">
      <Filter>Header Files\Input</Filter>
    </ClInclude>
    <ClInclude Include="Headers\LUAHelper.fwd.h">
      <Filter>Header Files\LUA</Filter>
    </ClInclude>
    <ClInclude Include="Headers\LUAHelper.h">
      <Filter>Header Files\LUA</Filter>
    </ClInclude>
    <ClInclude Include="Headers\LuaStructs.h">
      <Filter>Header Files\LUA</Filter>
    </ClInclude>
    <ClInclude Include="Headers\NetworkingStructs.h">
      <Filter>Header Files\Networking</Filter>
    </ClInclude>
    <ClInclude Include="Headers\NetworkManager.fwd.h">
      <Filter>Header Files\Networking</Filter>
    </ClInclude>
    <ClInclude Include="Headers\NetworkManager.h">
      <Filter>Header Files\Networking</Filter>
    </ClInclude>
    <ClInclude Include="Headers\ObjectPool.fwd.h">
      <Filter>Header Files\Engine</Filter>
    </ClInclude>
    <ClInclude Include="Headers\ObjectPool.h">
      <Filter>Header Files\Engine</Filter>
    </ClInclude>
    <ClInclude Include="Headers\PhysicsFunctions.h">
      <Filter>Header Files\Physics</Filter>
    </ClInclude>
    <ClInclude Include="Headers\PhysicsManager.fwd.h">
      <Filter>Header Files\Physics</Filter>
    </ClInclude>
    <ClInclude Include="Headers\PhysicsManager.h">
      <Filter>Header Files\Physics</Filter>
    </ClInclude>
    <ClInclude Include="Headers\Renderer.fwd.h">
      <Filter>Header Files\Renderer</Filter>
    </ClInclude>
    <ClInclude Include="Headers\Renderer.h">
      <Filter>Header Files\Renderer</Filter>
    </ClInclude>
  </ItemGroup>
  <ItemGroup>
    <ClCompile Include="Cpp\main.cpp">
      <Filter>Source Files</Filter>
    </ClCompile>
    <ClCompile Include="Cpp\AudioManager.cpp">
      <Filter>Source Files\Audio</Filter>
    </ClCompile>
    <ClCompile Include="Cpp\EventSystem.cpp">
      <Filter>Source Files\Events</Filter>
    </ClCompile>
    <ClCompile Include="Cpp\Game Engine.cpp">
      <Filter>Source Files\Game Engine</Filter>
    </ClCompile>
    <ClCompile Include="Cpp\GameObject.cpp">
      <Filter>Source Files\Game Engine</Filter>
    </ClCompile>
    <ClCompile Include="Cpp\KeyManager.cpp">
      <Filter>Source Files\Input</Filter>
    </ClCompile>
    <ClCompile Include="Cpp\LUAHelper.cpp">
      <Filter>Source Files\LUA</Filter>
    </ClCompile>
    <ClCompile Include="Cpp\NetworkManager.cpp">
      <Filter>Source Files\Network</Filter>
    </ClCompile>
    <ClCompile Include="Cpp\ObjectPool.cpp">
      <Filter>Source Files\Game Engine</Filter>
    </ClCompile>
    <ClCompile Include="Cpp\PhysicsManager.cpp">
      <Filter>Source Files\Physics</Filter>
    </ClCompile>
    <ClCompile Include="Cpp\Renderer.cpp">
      <Filter>Source Files\Graphics</Filter>
    </ClCompile>
  </ItemGroup>
</Project>